Microsoft Visual Studio Solution File, Format Version 12.00
# Visual Studio Version 17
VisualStudioVersion = 17.5.2.0
MinimumVisualStudioVersion = 10.0.40219.1
Project("{FAE04EC0-301F-11D3-BF4B-00C04F79EFBC}") = "DotNetCourse", "DotNetCourse.csproj", "{4428CDF1-84A4-DE58-61C3-40632833E8BE}"
EndProject
Global
	GlobalSection(SolutionConfigurationPlatforms) = preSolution
		Debug|Any CPU = Debug|Any CPU
		Release|Any CPU = Release|Any CPU
	EndGlobalSection
	GlobalSection(ProjectConfigurationPlatforms) = postSolution
		{4428CDF1-84A4-DE58-61C3-40632833E8BE}.Debug|Any CPU.ActiveCfg = Debug|Any CPU
		{4428CDF1-84A4-DE58-61C3-40632833E8BE}.Debug|Any CPU.Build.0 = Debug|Any CPU
		{4428CDF1-84A4-DE58-61C3-40632833E8BE}.Release|Any CPU.ActiveCfg = Release|Any CPU
		{4428CDF1-84A4-DE58-61C3-40632833E8BE}.Release|Any CPU.Build.0 = Release|Any CPU
		{CAC07547-4033-4B02-AF57-29E563A7B984}.Debug|Any CPU.ActiveCfg = Debug|Any CPU
		{CAC07547-4033-4B02-AF57-29E563A7B984}.Debug|Any CPU.Build.0 = Debug|Any CPU
		{CAC07547-4033-4B02-AF57-29E563A7B984}.Release|Any CPU.ActiveCfg = Release|Any CPU
		{CAC07547-4033-4B02-AF57-29E563A7B984}.Release|Any CPU.Build.0 = Release|Any CPU
	EndGlobalSection
	GlobalSection(SolutionProperties) = preSolution
		HideSolutionNode = FALSE
	EndGlobalSection
	GlobalSection(ExtensibilityGlobals) = postSolution
		SolutionGuid = {3B03D3F5-C385-4769-B0F8-EFE6C2B9AE3A}
	EndGlobalSection
EndGlobal